
Microsoft Visual Studio Solution File, Format Version 12.00
# Visual Studio Version 17
VisualStudioVersion = 17.5.2.0
MinimumVisualStudioVersion = 10.0.40219.1
Project("{FAE04EC0-301F-11D3-BF4B-00C04F79EFBC}") = "Sudoku", "Sudoku\Sudoku.csproj", "{2C31DF37-4589-02FD-815C-3BB8C8FD8646}"
EndProject
Project("{FAE04EC0-301F-11D3-BF4B-00C04F79EFBC}") = "SudokuGraphics", "SudokuGraphics\SudokuGraphics.csproj", "{908429AB-FCBD-45BB-B18D-B6689198B328}"
EndProject
Project("{FAE04EC0-301F-11D3-BF4B-00C04F79EFBC}") = "SudokuLib", "SudokuLib\SudokuLib.csproj", "{72667751-CEA2-4162-B5C2-234C7517C6FC}"
EndProject
Global
	GlobalSection(SolutionConfigurationPlatforms) = preSolution
		Debug|Any CPU = Debug|Any CPU
		Debug|x64 = Debug|x64
		Debug|x86 = Debug|x86
		Release|Any CPU = Release|Any CPU
		Release|x64 = Release|x64
		Release|x86 = Release|x86
	EndGlobalSection
	GlobalSection(ProjectConfigurationPlatforms) = postSolution
		{2C31DF37-4589-02FD-815C-3BB8C8FD8646}.Debug|Any CPU.ActiveCfg = Debug|Any CPU
		{2C31DF37-4589-02FD-815C-3BB8C8FD8646}.Debug|Any CPU.Build.0 = Debug|Any CPU
		{2C31DF37-4589-02FD-815C-3BB8C8FD8646}.Debug|x64.ActiveCfg = Debug|Any CPU
		{2C31DF37-4589-02FD-815C-3BB8C8FD8646}.Debug|x64.Build.0 = Debug|Any CPU
		{2C31DF37-4589-02FD-815C-3BB8C8FD8646}.Debug|x86.ActiveCfg = Debug|Any CPU
		{2C31DF37-4589-02FD-815C-3BB8C8FD8646}.Debug|x86.Build.0 = Debug|Any CPU
		{2C31DF37-4589-02FD-815C-3BB8C8FD8646}.Release|Any CPU.ActiveCfg = Release|Any CPU
		{2C31DF37-4589-02FD-815C-3BB8C8FD8646}.Release|Any CPU.Build.0 = Release|Any CPU
		{2C31DF37-4589-02FD-815C-3BB8C8FD8646}.Release|x64.ActiveCfg = Release|Any CPU
		{2C31DF37-4589-02FD-815C-3BB8C8FD8646}.Release|x64.Build.0 = Release|Any CPU
		{2C31DF37-4589-02FD-815C-3BB8C8FD8646}.Release|x86.ActiveCfg = Release|Any CPU
		{2C31DF37-4589-02FD-815C-3BB8C8FD8646}.Release|x86.Build.0 = Release|Any CPU
		{908429AB-FCBD-45BB-B18D-B6689198B328}.Debug|Any CPU.ActiveCfg = Debug|Any CPU
		{908429AB-FCBD-45BB-B18D-B6689198B328}.Debug|Any CPU.Build.0 = Debug|Any CPU
		{908429AB-FCBD-45BB-B18D-B6689198B328}.Debug|x64.ActiveCfg = Debug|Any CPU
		{908429AB-FCBD-45BB-B18D-B6689198B328}.Debug|x64.Build.0 = Debug|Any CPU
		{908429AB-FCBD-45BB-B18D-B6689198B328}.Debug|x86.ActiveCfg = Debug|Any CPU
		{908429AB-FCBD-45BB-B18D-B6689198B328}.Debug|x86.Build.0 = Debug|Any CPU
		{908429AB-FCBD-45BB-B18D-B6689198B328}.Release|Any CPU.ActiveCfg = Release|Any CPU
		{908429AB-FCBD-45BB-B18D-B6689198B328}.Release|Any CPU.Build.0 = Release|Any CPU
		{908429AB-FCBD-45BB-B18D-B6689198B328}.Release|x64.ActiveCfg = Release|Any CPU
		{908429AB-FCBD-45BB-B18D-B6689198B328}.Release|x64.Build.0 = Release|Any CPU
		{908429AB-FCBD-45BB-B18D-B6689198B328}.Release|x86.ActiveCfg = Release|Any CPU
		{908429AB-FCBD-45BB-B18D-B6689198B328}.Release|x86.Build.0 = Release|Any CPU
		{72667751-CEA2-4162-B5C2-234C7517C6FC}.Debug|Any CPU.ActiveCfg = Debug|Any CPU
		{72667751-CEA2-4162-B5C2-234C7517C6FC}.Debug|Any CPU.Build.0 = Debug|Any CPU
		{72667751-CEA2-4162-B5C2-234C7517C6FC}.Debug|x64.ActiveCfg = Debug|Any CPU
		{72667751-CEA2-4162-B5C2-234C7517C6FC}.Debug|x64.Build.0 = Debug|Any CPU
		{72667751-CEA2-4162-B5C2-234C7517C6FC}.Debug|x86.ActiveCfg = Debug|Any CPU
		{72667751-CEA2-4162-B5C2-234C7517C6FC}.Debug|x86.Build.0 = Debug|Any CPU
		{72667751-CEA2-4162-B5C2-234C7517C6FC}.Release|Any CPU.ActiveCfg = Release|Any CPU
		{72667751-CEA2-4162-B5C2-234C7517C6FC}.Release|Any CPU.Build.0 = Release|Any CPU
		{72667751-CEA2-4162-B5C2-234C7517C6FC}.Release|x64.ActiveCfg = Release|Any CPU
		{72667751-CEA2-4162-B5C2-234C7517C6FC}.Release|x64.Build.0 = Release|Any CPU
		{72667751-CEA2-4162-B5C2-234C7517C6FC}.Release|x86.ActiveCfg = Release|Any CPU
		{72667751-CEA2-4162-B5C2-234C7517C6FC}.Release|x86.Build.0 = Release|Any CPU
	EndGlobalSection
	GlobalSection(SolutionProperties) = preSolution
		HideSolutionNode = FALSE
	EndGlobalSection
	GlobalSection(ExtensibilityGlobals) = postSolution
		SolutionGuid = {E43F3C91-85AC-4BB5-AEC0-84F7D4F48F1E}
	EndGlobalSection
EndGlobal
